Microsoft Visual Studio Solution File, Format Version 12.00
# Visual Studio Version 17
VisualStudioVersion = 17.5.2.0
MinimumVisualStudioVersion = 10.0.40219.1
Project("{FAE04EC0-301F-11D3-BF4B-00C04F79EFBC}") = "VitrineTecnologica", "VitrineTecnologica.csproj", "{1BC9AD55-72CD-7922-86D4-F873628C7BBC}"
EndProject
Global
	GlobalSection(SolutionConfigurationPlatforms) = preSolution
		Debug|Any CPU = Debug|Any CPU
		Release|Any CPU = Release|Any CPU
	EndGlobalSection
	GlobalSection(ProjectConfigurationPlatforms) = postSolution
		{1BC9AD55-72CD-7922-86D4-F873628C7BBC}.Debug|Any CPU.ActiveCfg = Debug|Any CPU
		{1BC9AD55-72CD-7922-86D4-F873628C7BBC}.Debug|Any CPU.Build.0 = Debug|Any CPU
		{1BC9AD55-72CD-7922-86D4-F873628C7BBC}.Release|Any CPU.ActiveCfg = Release|Any CPU
		{1BC9AD55-72CD-7922-86D4-F873628C7BBC}.Release|Any CPU.Build.0 = Release|Any CPU
	EndGlobalSection
	GlobalSection(SolutionProperties) = preSolution
		HideSolutionNode = FALSE
	EndGlobalSection
	GlobalSection(ExtensibilityGlobals) = postSolution
		SolutionGuid = {FF8EFD77-E3E9-432C-9227-47DD0447310C}
	EndGlobalSection
EndGlobal
